
Microsoft Visual Studio Solution File, Format Version 12.00
# Visual Studio Version 16
VisualStudioVersion = 16.0.31515.178
MinimumVisualStudioVersion = 10.0.40219.1
Project("{FAE04EC0-301F-11D3-BF4B-00C04F79EFBC}") = "MyBlogger.API", "MyBlogger.API.csproj", "{6310685E-6DA1-47AE-A48C-A4F955E7B641}"
EndProject
Project("{FAE04EC0-301F-11D3-BF4B-00C04F79EFBC}") = "MyBlogger.Core", "..\MyBlogger.Core\MyBlogger.Core.csproj", "{11513314-3C08-4ECE-A093-CED19AA4E4D8}"
EndProject
Project("{FAE04EC0-301F-11D3-BF4B-00C04F79EFBC}") = "MyBlogger.Infra", "..\MyBlogger.Infra\MyBlogger.Infra.csproj", "{62A4B6AB-CE7B-488F-B06A-BE3F9DACF64D}"
EndProject
Global
	GlobalSection(SolutionConfigurationPlatforms) = preSolution
		Debug|Any CPU = Debug|Any CPU
		Release|Any CPU = Release|Any CPU
	EndGlobalSection
	GlobalSection(ProjectConfigurationPlatforms) = postSolution
		{6310685E-6DA1-47AE-A48C-A4F955E7B641}.Debug|Any CPU.ActiveCfg = Debug|Any CPU
		{6310685E-6DA1-47AE-A48C-A4F955E7B641}.Debug|Any CPU.Build.0 = Debug|Any CPU
		{6310685E-6DA1-47AE-A48C-A4F955E7B641}.Release|Any CPU.ActiveCfg = Release|Any CPU
		{6310685E-6DA1-47AE-A48C-A4F955E7B641}.Release|Any CPU.Build.0 = Release|Any CPU
		{11513314-3C08-4ECE-A093-CED19AA4E4D8}.Debug|Any CPU.ActiveCfg = Debug|Any CPU
		{11513314-3C08-4ECE-A093-CED19AA4E4D8}.Debug|Any CPU.Build.0 = Debug|Any CPU
		{11513314-3C08-4ECE-A093-CED19AA4E4D8}.Release|Any CPU.ActiveCfg = Release|Any CPU
		{11513314-3C08-4ECE-A093-CED19AA4E4D8}.Release|Any CPU.Build.0 = Release|Any CPU
		{62A4B6AB-CE7B-488F-B06A-BE3F9DACF64D}.Debug|Any CPU.ActiveCfg = Debug|Any CPU
		{62A4B6AB-CE7B-488F-B06A-BE3F9DACF64D}.Debug|Any CPU.Build.0 = Debug|Any CPU
		{62A4B6AB-CE7B-488F-B06A-BE3F9DACF64D}.Release|Any CPU.ActiveCfg = Release|Any CPU
		{62A4B6AB-CE7B-488F-B06A-BE3F9DACF64D}.Release|Any CPU.Build.0 = Release|Any CPU
	EndGlobalSection
	GlobalSection(SolutionProperties) = preSolution
		HideSolutionNode = FALSE
	EndGlobalSection
	GlobalSection(ExtensibilityGlobals) = postSolution
		SolutionGuid = {3E2D12CF-C1B1-4178-86F1-A0F1940695B2}
	EndGlobalSection
EndGlobal
